// !$*UTF8*$!
{
	archiveVersion = 1;
	classes = {
	};
	objectVersion = 52;
	objects = {

/* Begin PBXBuildFile section */
		09AF86E140DCEE9A39ACC125 /* Pods_InsightAdmin.framework in Frameworks */ = {isa = PBXBuildFile; fileRef = C85E06A07944D1CCC8EE2F47 /* Pods_InsightAdmin.framework */; };
		242310534292492BEF988454 /* Pods_InsightCore.framework in Frameworks */ = {isa = PBXBuildFile; fileRef = A9BB5DE6B7FF1F7EABB7193F /* Pods_InsightCore.framework */; };
		435CBACE1783785A369AE039 /* Pods_InsightUI.framework in Frameworks */ = {isa = PBXBuildFile; fileRef = E4179C84AD0F4C88E5990099 /* Pods_InsightUI.framework */; };
		A759B7A9233E55E900FE40A6 /* InsightCore.h in Headers */ = {isa = PBXBuildFile; fileRef = A759B7A7233E55E900FE40A6 /* InsightCore.h */; settings = {ATTRIBUTES = (Public, ); }; };
		A759B7AC233E55E900FE40A6 /* InsightCore.framework in Frameworks */ = {isa = PBXBuildFile; fileRef = A759B7A5233E55E900FE40A6 /* InsightCore.framework */; };
		A759B7AD233E55E900FE40A6 /* InsightCore.framework in Embed Frameworks */ = {isa = PBXBuildFile; fileRef = A759B7A5233E55E900FE40A6 /* InsightCore.framework */; settings = {ATTRIBUTES = (CodeSignOnCopy, RemoveHeadersOnCopy, ); }; };
		A759B7BB233E55F700FE40A6 /* InsightUI.h in Headers */ = {isa = PBXBuildFile; fileRef = A759B7B9233E55F700FE40A6 /* InsightUI.h */; settings = {ATTRIBUTES = (Public, ); }; };
		A759B7BE233E55F800FE40A6 /* InsightUI.framework in Frameworks */ = {isa = PBXBuildFile; fileRef = A759B7B7233E55F700FE40A6 /* InsightUI.framework */; };
		A759B7BF233E55F800FE40A6 /* InsightUI.framework in Embed Frameworks */ = {isa = PBXBuildFile; fileRef = A759B7B7233E55F700FE40A6 /* InsightUI.framework */; settings = {ATTRIBUTES = (CodeSignOnCopy, RemoveHeadersOnCopy, ); }; };
		A759B7C7233E568F00FE40A6 /* InsightCore.framework in Frameworks */ = {isa = PBXBuildFile; fileRef = A759B7A5233E55E900FE40A6 /* InsightCore.framework */; };
		A759B7CF233E598200FE40A6 /* AppInitialization.swift in Sources */ = {isa = PBXBuildFile; fileRef = A759B7CE233E598200FE40A6 /* AppInitialization.swift */; };
		A759B7D2233E5A4B00FE40A6 /* ActivityIndicatorView.swift in Sources */ = {isa = PBXBuildFile; fileRef = A759B7D1233E5A4B00FE40A6 /* ActivityIndicatorView.swift */; };
		A77DAAF7233E490300EB109F /* AppDelegate.swift in Sources */ = {isa = PBXBuildFile; fileRef = A77DAAF6233E490300EB109F /* AppDelegate.swift */; };
		A77DAAF9233E490300EB109F /* SceneDelegate.swift in Sources */ = {isa = PBXBuildFile; fileRef = A77DAAF8233E490300EB109F /* SceneDelegate.swift */; };
		A77DAAFD233E490400EB109F /* Assets.xcassets in Resources */ = {isa = PBXBuildFile; fileRef = A77DAAFC233E490400EB109F /* Assets.xcassets */; };
		A77DAB00233E490400EB109F /* Preview Assets.xcassets in Resources */ = {isa = PBXBuildFile; fileRef = A77DAAFF233E490400EB109F /* Preview Assets.xcassets */; };
		A77DAB03233E490400EB109F /* LaunchScreen.storyboard in Resources */ = {isa = PBXBuildFile; fileRef = A77DAB01233E490400EB109F /* LaunchScreen.storyboard */; };
		A7ECB8E7233F23B50025ACE7 /* Application.swift in Sources */ = {isa = PBXBuildFile; fileRef = A7ECB8E6233F23B50025ACE7 /* Application.swift */; };
		A7ECB8EA233F243C0025ACE7 /* MainView.swift in Sources */ = {isa = PBXBuildFile; fileRef = A7ECB8E9233F243C0025ACE7 /* MainView.swift */; };
		A7ECB8EE233F7E960025ACE7 /* SWLogger in Frameworks */ = {isa = PBXBuildFile; productRef = A7ECB8ED233F7E960025ACE7 /* SWLogger */; };
		A7ECB8F1233F7EAF0025ACE7 /* Log.swift in Sources */ = {isa = PBXBuildFile; fileRef = A7ECB8F0233F7EAF0025ACE7 /* Log.swift */; };
		A7ECB8F4233F808F0025ACE7 /* CloudKit.framework in Frameworks */ = {isa = PBXBuildFile; fileRef = A7ECB8F3233F808F0025ACE7 /* CloudKit.framework */; };
		A7ECB90A234072520025ACE7 /* ApplicationsList.swift in Sources */ = {isa = PBXBuildFile; fileRef = A7ECB909234072520025ACE7 /* ApplicationsList.swift */; };
		A7ECB90D234074490025ACE7 /* FetchedObjectsViewModel.swift in Sources */ = {isa = PBXBuildFile; fileRef = A7ECB90C234074490025ACE7 /* FetchedObjectsViewModel.swift */; };
		A7ECB9102340ED480025ACE7 /* ApplicationSummaryView.swift in Sources */ = {isa = PBXBuildFile; fileRef = A7ECB90F2340ED480025ACE7 /* ApplicationSummaryView.swift */; };
/* End PBXBuildFile section */

/* Begin PBXContainerItemProxy section */
		A759B7AA233E55E900FE40A6 /* PBXContainerItemProxy */ = {
			isa = PBXContainerItemProxy;
			containerPortal = A77DAAEB233E490300EB109F /* Project object */;
			proxyType = 1;
			remoteGlobalIDString = A759B7A4233E55E900FE40A6;
			remoteInfo = InsightCore;
		};
		A759B7BC233E55F800FE40A6 /* PBXContainerItemProxy */ = {
			isa = PBXContainerItemProxy;
			containerPortal = A77DAAEB233E490300EB109F /* Project object */;
			proxyType = 1;
			remoteGlobalIDString = A759B7B6233E55F700FE40A6;
			remoteInfo = InsightUI;
		};
		A759B7C9233E568F00FE40A6 /* PBXContainerItemProxy */ = {
			isa = PBXContainerItemProxy;
			containerPortal = A77DAAEB233E490300EB109F /* Project object */;
			proxyType = 1;
			remoteGlobalIDString = A759B7A4233E55E900FE40A6;
			remoteInfo = InsightCore;
		};
/* End PBXContainerItemProxy section */

/* Begin PBXCopyFilesBuildPhase section */
		A759B7AE233E55EA00FE40A6 /* Embed Frameworks */ = {
			isa = PBXCopyFilesBuildPhase;
			buildActionMask = 2147483647;
			dstPath = "";
			dstSubfolderSpec = 10;
			files = (
				A759B7AD233E55E900FE40A6 /* InsightCore.framework in Embed Frameworks */,
				A759B7BF233E55F800FE40A6 /* InsightUI.framework in Embed Frameworks */,
			);
			name = "Embed Frameworks";
			runOnlyForDeploymentPostprocessing = 0;
		};
/* End PBXCopyFilesBuildPhase section */

/* Begin PBXFileReference section */
		49E76DABAF4C2F45D07CE68B /* Pods-InsightCore.debug.xcconfig */ = {isa = PBXFileReference; includeInIndex = 1; lastKnownFileType = text.xcconfig; name = "Pods-InsightCore.debug.xcconfig"; path = "Target Support Files/Pods-InsightCore/Pods-InsightCore.debug.xcconfig"; sourceTree = "<group>"; };
		A759B7A5233E55E900FE40A6 /* InsightCore.framework */ = {isa = PBXFileReference; explicitFileType = wrapper.framework; includeInIndex = 0; path = InsightCore.framework; sourceTree = BUILT_PRODUCTS_DIR; };
		A759B7A7233E55E900FE40A6 /* InsightCore.h */ = {isa = PBXFileReference; lastKnownFileType = sourcecode.c.h; path = InsightCore.h; sourceTree = "<group>"; };
		A759B7A8233E55E900FE40A6 /* Info.plist */ = {isa = PBXFileReference; lastKnownFileType = text.plist.xml; path = Info.plist; sourceTree = "<group>"; };
		A759B7B7233E55F700FE40A6 /* InsightUI.framework */ = {isa = PBXFileReference; explicitFileType = wrapper.framework; includeInIndex = 0; path = InsightUI.framework; sourceTree = BUILT_PRODUCTS_DIR; };
		A759B7B9233E55F700FE40A6 /* InsightUI.h */ = {isa = PBXFileReference; lastKnownFileType = sourcecode.c.h; path = InsightUI.h; sourceTree = "<group>"; };
		A759B7BA233E55F700FE40A6 /* Info.plist */ = {isa = PBXFileReference; lastKnownFileType = text.plist.xml; path = Info.plist; sourceTree = "<group>"; };
		A759B7CE233E598200FE40A6 /* AppInitialization.swift */ = {isa = PBXFileReference; lastKnownFileType = sourcecode.swift; path = AppInitialization.swift; sourceTree = "<group>"; };
		A759B7D1233E5A4B00FE40A6 /* ActivityIndicatorView.swift */ = {isa = PBXFileReference; lastKnownFileType = sourcecode.swift; path = ActivityIndicatorView.swift; sourceTree = "<group>"; };
		A77DAAF3233E490300EB109F /* InsightAdmin.app */ = {isa = PBXFileReference; explicitFileType = wrapper.application; includeInIndex = 0; path = InsightAdmin.app; sourceTree = BUILT_PRODUCTS_DIR; };
		A77DAAF6233E490300EB109F /* AppDelegate.swift */ = {isa = PBXFileReference; lastKnownFileType = sourcecode.swift; path = AppDelegate.swift; sourceTree = "<group>"; };
		A77DAAF8233E490300EB109F /* SceneDelegate.swift */ = {isa = PBXFileReference; lastKnownFileType = sourcecode.swift; path = SceneDelegate.swift; sourceTree = "<group>"; };
		A77DAAFC233E490400EB109F /* Assets.xcassets */ = {isa = PBXFileReference; lastKnownFileType = folder.assetcatalog; path = Assets.xcassets; sourceTree = "<group>"; };
		A77DAAFF233E490400EB109F /* Preview Assets.xcassets */ = {isa = PBXFileReference; lastKnownFileType = folder.assetcatalog; path = "Preview Assets.xcassets"; sourceTree = "<group>"; };
		A77DAB02233E490400EB109F /* Base */ = {isa = PBXFileReference; lastKnownFileType = file.storyboard; name = Base; path = Base.lproj/LaunchScreen.storyboard; sourceTree = "<group>"; };
		A77DAB04233E490400EB109F /* Info.plist */ = {isa = PBXFileReference; lastKnownFileType = text.plist.xml; path = Info.plist; sourceTree = "<group>"; };
		A7ECB8E6233F23B50025ACE7 /* Application.swift */ = {isa = PBXFileReference; lastKnownFileType = sourcecode.swift; path = Application.swift; sourceTree = "<group>"; };
		A7ECB8E9233F243C0025ACE7 /* MainView.swift */ = {isa = PBXFileReference; lastKnownFileType = sourcecode.swift; path = MainView.swift; sourceTree = "<group>"; };
		A7ECB8F0233F7EAF0025ACE7 /* Log.swift */ = {isa = PBXFileReference; lastKnownFileType = sourcecode.swift; path = Log.swift; sourceTree = "<group>"; };
		A7ECB8F2233F808B0025ACE7 /* InsightAdmin.entitlements */ = {isa = PBXFileReference; lastKnownFileType = text.plist.entitlements; path = InsightAdmin.entitlements; sourceTree = "<group>"; };
		A7ECB8F3233F808F0025ACE7 /* CloudKit.framework */ = {isa = PBXFileReference; lastKnownFileType = wrapper.framework; name = CloudKit.framework; path = System/Library/Frameworks/CloudKit.framework; sourceTree = SDKROOT; };
		A7ECB909234072520025ACE7 /* ApplicationsList.swift */ = {isa = PBXFileReference; lastKnownFileType = sourcecode.swift; path = ApplicationsList.swift; sourceTree = "<group>"; };
		A7ECB90C234074490025ACE7 /* FetchedObjectsViewModel.swift */ = {isa = PBXFileReference; lastKnownFileType = sourcecode.swift; path = FetchedObjectsViewModel.swift; sourceTree = "<group>"; };
		A7ECB90F2340ED480025ACE7 /* ApplicationSummaryView.swift */ = {isa = PBXFileReference; lastKnownFileType = sourcecode.swift; path = ApplicationSummaryView.swift; sourceTree = "<group>"; };
		A9BB5DE6B7FF1F7EABB7193F /* Pods_InsightCore.framework */ = {isa = PBXFileReference; explicitFileType = wrapper.framework; includeInIndex = 0; path = Pods_InsightCore.framework; sourceTree = BUILT_PRODUCTS_DIR; };
		BD043677AC070FF809CC6EB8 /* Pods-InsightCore.release.xcconfig */ = {isa = PBXFileReference; includeInIndex = 1; lastKnownFileType = text.xcconfig; name = "Pods-InsightCore.release.xcconfig"; path = "Target Support Files/Pods-InsightCore/Pods-InsightCore.release.xcconfig"; sourceTree = "<group>"; };
		C85E06A07944D1CCC8EE2F47 /* Pods_InsightAdmin.framework */ = {isa = PBXFileReference; explicitFileType = wrapper.framework; includeInIndex = 0; path = Pods_InsightAdmin.framework; sourceTree = BUILT_PRODUCTS_DIR; };
		D0CC618372948FE83515823F /* Pods-InsightAdmin.release.xcconfig */ = {isa = PBXFileReference; includeInIndex = 1; lastKnownFileType = text.xcconfig; name = "Pods-InsightAdmin.release.xcconfig"; path = "Target Support Files/Pods-InsightAdmin/Pods-InsightAdmin.release.xcconfig"; sourceTree = "<group>"; };
		D420F83FDDA4374513C81987 /* Pods-InsightAdmin.debug.xcconfig */ = {isa = PBXFileReference; includeInIndex = 1; lastKnownFileType = text.xcconfig; name = "Pods-InsightAdmin.debug.xcconfig"; path = "Target Support Files/Pods-InsightAdmin/Pods-InsightAdmin.debug.xcconfig"; sourceTree = "<group>"; };
		E4179C84AD0F4C88E5990099 /* Pods_InsightUI.framework */ = {isa = PBXFileReference; explicitFileType = wrapper.framework; includeInIndex = 0; path = Pods_InsightUI.framework; sourceTree = BUILT_PRODUCTS_DIR; };
		EDCB42CB51A41B4A6687BCBD /* Pods-InsightUI.debug.xcconfig */ = {isa = PBXFileReference; includeInIndex = 1; lastKnownFileType = text.xcconfig; name = "Pods-InsightUI.debug.xcconfig"; path = "Target Support Files/Pods-InsightUI/Pods-InsightUI.debug.xcconfig"; sourceTree = "<group>"; };
		F512E93FA6DA575D17A92CDD /* Pods-InsightUI.release.xcconfig */ = {isa = PBXFileReference; includeInIndex = 1; lastKnownFileType = text.xcconfig; name = "Pods-InsightUI.release.xcconfig"; path = "Target Support Files/Pods-InsightUI/Pods-InsightUI.release.xcconfig"; sourceTree = "<group>"; };
/* End PBXFileReference section */

/* Begin PBXFrameworksBuildPhase section */
		A759B7A2233E55E900FE40A6 /* Frameworks */ = {
			isa = PBXFrameworksBuildPhase;
			buildActionMask = 2147483647;
			files = (
				A7ECB8EE233F7E960025ACE7 /* SWLogger in Frameworks */,
				242310534292492BEF988454 /* Pods_InsightCore.framework in Frameworks */,
			);
			runOnlyForDeploymentPostprocessing = 0;
		};
		A759B7B4233E55F700FE40A6 /* Frameworks */ = {
			isa = PBXFrameworksBuildPhase;
			buildActionMask = 2147483647;
			files = (
				A759B7C7233E568F00FE40A6 /* InsightCore.framework in Frameworks */,
				435CBACE1783785A369AE039 /* Pods_InsightUI.framework in Frameworks */,
			);
			runOnlyForDeploymentPostprocessing = 0;
		};
		A77DAAF0233E490300EB109F /* Frameworks */ = {
			isa = PBXFrameworksBuildPhase;
			buildActionMask = 2147483647;
			files = (
				A759B7BE233E55F800FE40A6 /* InsightUI.framework in Frameworks */,
				A7ECB8F4233F808F0025ACE7 /* CloudKit.framework in Frameworks */,
				A759B7AC233E55E900FE40A6 /* InsightCore.framework in Frameworks */,
				09AF86E140DCEE9A39ACC125 /* Pods_InsightAdmin.framework in Frameworks */,
			);
			runOnlyForDeploymentPostprocessing = 0;
		};
/* End PBXFrameworksBuildPhase section */

/* Begin PBXGroup section */
		9C2A01BF953ECF80E686C05B /* Pods */ = {
			isa = PBXGroup;
			children = (
				D420F83FDDA4374513C81987 /* Pods-InsightAdmin.debug.xcconfig */,
				D0CC618372948FE83515823F /* Pods-InsightAdmin.release.xcconfig */,
				49E76DABAF4C2F45D07CE68B /* Pods-InsightCore.debug.xcconfig */,
				BD043677AC070FF809CC6EB8 /* Pods-InsightCore.release.xcconfig */,
				EDCB42CB51A41B4A6687BCBD /* Pods-InsightUI.debug.xcconfig */,
				F512E93FA6DA575D17A92CDD /* Pods-InsightUI.release.xcconfig */,
			);
			path = Pods;
			sourceTree = "<group>";
		};
		A759B7A6233E55E900FE40A6 /* InsightCore */ = {
			isa = PBXGroup;
			children = (
				A7ECB8E5233F239E0025ACE7 /* Application */,
				A7ECB90B234074340025ACE7 /* Fetched */,
				A7ECB8EF233F7EA70025ACE7 /* Log */,
				A759B7C4233E562A00FE40A6 /* Supporting files */,
			);
			path = InsightCore;
			sourceTree = "<group>";
		};
		A759B7B8233E55F700FE40A6 /* InsightUI */ = {
			isa = PBXGroup;
			children = (
				A7ECB90E2340ED110025ACE7 /* Application */,
				A7ECB8E8233F24320025ACE7 /* Main */,
				A759B7C3233E561C00FE40A6 /* Supporting files */,
				A759B7D0233E5A3400FE40A6 /* Views */,
			);
			path = InsightUI;
			sourceTree = "<group>";
		};
		A759B7C3233E561C00FE40A6 /* Supporting files */ = {
			isa = PBXGroup;
			children = (
				A759B7B9233E55F700FE40A6 /* InsightUI.h */,
				A759B7BA233E55F700FE40A6 /* Info.plist */,
			);
			path = "Supporting files";
			sourceTree = "<group>";
		};
		A759B7C4233E562A00FE40A6 /* Supporting files */ = {
			isa = PBXGroup;
			children = (
				A759B7A7233E55E900FE40A6 /* InsightCore.h */,
				A759B7A8233E55E900FE40A6 /* Info.plist */,
			);
			path = "Supporting files";
			sourceTree = "<group>";
		};
		A759B7CD233E597100FE40A6 /* Views */ = {
			isa = PBXGroup;
			children = (
				A759B7CE233E598200FE40A6 /* AppInitialization.swift */,
			);
			path = Views;
			sourceTree = "<group>";
		};
		A759B7D0233E5A3400FE40A6 /* Views */ = {
			isa = PBXGroup;
			children = (
				A759B7D1233E5A4B00FE40A6 /* ActivityIndicatorView.swift */,
			);
			path = Views;
			sourceTree = "<group>";
		};
		A77DAAEA233E490300EB109F = {
			isa = PBXGroup;
			children = (
				BA3979BAFECCC252AED2174E /* Frameworks */,
				A77DAAF5233E490300EB109F /* InsightAdmin */,
				A759B7A6233E55E900FE40A6 /* InsightCore */,
				A759B7B8233E55F700FE40A6 /* InsightUI */,
				9C2A01BF953ECF80E686C05B /* Pods */,
				A77DAAF4233E490300EB109F /* Products */,
			);
			sourceTree = "<group>";
		};
		A77DAAF4233E490300EB109F /* Products */ = {
			isa = PBXGroup;
			children = (
				A77DAAF3233E490300EB109F /* InsightAdmin.app */,
				A759B7A5233E55E900FE40A6 /* InsightCore.framework */,
				A759B7B7233E55F700FE40A6 /* InsightUI.framework */,
			);
			name = Products;
			sourceTree = "<group>";
		};
		A77DAAF5233E490300EB109F /* InsightAdmin */ = {
			isa = PBXGroup;
			children = (
				A7ECB8F2233F808B0025ACE7 /* InsightAdmin.entitlements */,
				A759B7CD233E597100FE40A6 /* Views */,
				A77DAAF6233E490300EB109F /* AppDelegate.swift */,
				A77DAAF8233E490300EB109F /* SceneDelegate.swift */,
				A77DAAFC233E490400EB109F /* Assets.xcassets */,
				A77DAB01233E490400EB109F /* LaunchScreen.storyboard */,
				A77DAB04233E490400EB109F /* Info.plist */,
				A77DAAFE233E490400EB109F /* Preview Content */,
			);
			path = InsightAdmin;
			sourceTree = "<group>";
		};
		A77DAAFE233E490400EB109F /* Preview Content */ = {
			isa = PBXGroup;
			children = (
				A77DAAFF233E490400EB109F /* Preview Assets.xcassets */,
			);
			path = "Preview Content";
			sourceTree = "<group>";
		};
		A7ECB8E5233F239E0025ACE7 /* Application */ = {
			isa = PBXGroup;
			children = (
				A7ECB8E6233F23B50025ACE7 /* Application.swift */,
			);
			path = Application;
			sourceTree = "<group>";
		};
		A7ECB8E8233F24320025ACE7 /* Main */ = {
			isa = PBXGroup;
			children = (
				A7ECB8E9233F243C0025ACE7 /* MainView.swift */,
			);
			path = Main;
			sourceTree = "<group>";
		};
		A7ECB8EF233F7EA70025ACE7 /* Log */ = {
			isa = PBXGroup;
			children = (
				A7ECB8F0233F7EAF0025ACE7 /* Log.swift */,
			);
			path = Log;
			sourceTree = "<group>";
		};
		A7ECB90B234074340025ACE7 /* Fetched */ = {
			isa = PBXGroup;
			children = (
				A7ECB90C234074490025ACE7 /* FetchedObjectsViewModel.swift */,
			);
			path = Fetched;
			sourceTree = "<group>";
		};
		A7ECB90E2340ED110025ACE7 /* Application */ = {
			isa = PBXGroup;
			children = (
				A7ECB909234072520025ACE7 /* ApplicationsList.swift */,
				A7ECB90F2340ED480025ACE7 /* ApplicationSummaryView.swift */,
			);
			path = Application;
			sourceTree = "<group>";
		};
		BA3979BAFECCC252AED2174E /* Frameworks */ = {
			isa = PBXGroup;
			children = (
				A7ECB8F3233F808F0025ACE7 /* CloudKit.framework */,
				C85E06A07944D1CCC8EE2F47 /* Pods_InsightAdmin.framework */,
				A9BB5DE6B7FF1F7EABB7193F /* Pods_InsightCore.framework */,
				E4179C84AD0F4C88E5990099 /* Pods_InsightUI.framework */,
			);
			name = Frameworks;
			sourceTree = "<group>";
		};
/* End PBXGroup section */

/* Begin PBXHeadersBuildPhase section */
		A759B7A0233E55E900FE40A6 /* Headers */ = {
			isa = PBXHeadersBuildPhase;
			buildActionMask = 2147483647;
			files = (
				A759B7A9233E55E900FE40A6 /* InsightCore.h in Headers */,
			);
			runOnlyForDeploymentPostprocessing = 0;
		};
		A759B7B2233E55F700FE40A6 /* Headers */ = {
			isa = PBXHeadersBuildPhase;
			buildActionMask = 2147483647;
			files = (
				A759B7BB233E55F700FE40A6 /* InsightUI.h in Headers */,
			);
			runOnlyForDeploymentPostprocessing = 0;
		};
/* End PBXHeadersBuildPhase section */

/* Begin PBXNativeTarget section */
		A759B7A4233E55E900FE40A6 /* InsightCore */ = {
			isa = PBXNativeTarget;
			buildConfigurationList = A759B7B1233E55EA00FE40A6 /* Build configuration list for PBXNativeTarget "InsightCore" */;
			buildPhases = (
				0B1445491A6372816F2F82E7 /* [CP] Check Pods Manifest.lock */,
				A759B7A0233E55E900FE40A6 /* Headers */,
				A759B7A1233E55E900FE40A6 /* Sources */,
				A759B7A2233E55E900FE40A6 /* Frameworks */,
				A759B7A3233E55E900FE40A6 /* Resources */,
			);
			buildRules = (
			);
			dependencies = (
			);
			name = InsightCore;
			packageProductDependencies = (
				A7ECB8ED233F7E960025ACE7 /* SWLogger */,
			);
			productName = InsightCore;
			productReference = A759B7A5233E55E900FE40A6 /* InsightCore.framework */;
			productType = "com.apple.product-type.framework";
		};
		A759B7B6233E55F700FE40A6 /* InsightUI */ = {
			isa = PBXNativeTarget;
			buildConfigurationList = A759B7C0233E55F800FE40A6 /* Build configuration list for PBXNativeTarget "InsightUI" */;
			buildPhases = (
				E753D6C07E8177D13B7F0EA7 /* [CP] Check Pods Manifest.lock */,
				A759B7B2233E55F700FE40A6 /* Headers */,
				A759B7B3233E55F700FE40A6 /* Sources */,
				A759B7B4233E55F700FE40A6 /* Frameworks */,
				A759B7B5233E55F700FE40A6 /* Resources */,
			);
			buildRules = (
			);
			dependencies = (
				A759B7CA233E568F00FE40A6 /* PBXTargetDependency */,
			);
			name = InsightUI;
			productName = InsightUI;
			productReference = A759B7B7233E55F700FE40A6 /* InsightUI.framework */;
			productType = "com.apple.product-type.framework";
		};
		A77DAAF2233E490300EB109F /* InsightAdmin */ = {
			isa = PBXNativeTarget;
			buildConfigurationList = A77DAB07233E490400EB109F /* Build configuration list for PBXNativeTarget "InsightAdmin" */;
			buildPhases = (
				93C0E99E12FDE9D9584EE119 /* [CP] Check Pods Manifest.lock */,
				A77DAAEF233E490300EB109F /* Sources */,
				A77DAAF0233E490300EB109F /* Frameworks */,
				A77DAAF1233E490300EB109F /* Resources */,
				96700A47DE12B1B3157E0302 /* [CP] Embed Pods Frameworks */,
				A759B7AE233E55EA00FE40A6 /* Embed Frameworks */,
			);
			buildRules = (
			);
			dependencies = (
				A759B7AB233E55E900FE40A6 /* PBXTargetDependency */,
				A759B7BD233E55F800FE40A6 /* PBXTargetDependency */,
			);
			name = InsightAdmin;
			productName = InsightAdmin;
			productReference = A77DAAF3233E490300EB109F /* InsightAdmin.app */;
			productType = "com.apple.product-type.application";
		};
/* End PBXNativeTarget section */

/* Begin PBXProject section */
		A77DAAEB233E490300EB109F /* Project object */ = {
			isa = PBXProject;
			attributes = {
				LastSwiftUpdateCheck = 1110;
				LastUpgradeCheck = 1110;
				ORGANIZATIONNAME = "Coodly OU";
				TargetAttributes = {
					A759B7A4233E55E900FE40A6 = {
						CreatedOnToolsVersion = 11.1;
						LastSwiftMigration = 1110;
					};
					A759B7B6233E55F700FE40A6 = {
						CreatedOnToolsVersion = 11.1;
						LastSwiftMigration = 1110;
					};
					A77DAAF2233E490300EB109F = {
						CreatedOnToolsVersion = 11.1;
					};
				};
			};
			buildConfigurationList = A77DAAEE233E490300EB109F /* Build configuration list for PBXProject "InsightAdmin" */;
			compatibilityVersion = "Xcode 9.3";
			developmentRegion = en;
			hasScannedForEncodings = 0;
			knownRegions = (
				en,
				Base,
			);
			mainGroup = A77DAAEA233E490300EB109F;
			packageReferences = (
				A7ECB8EC233F7E960025ACE7 /* XCRemoteSwiftPackageReference "swlogger" */,
			);
			productRefGroup = A77DAAF4233E490300EB109F /* Products */;
			projectDirPath = "";
			projectRoot = "";
			targets = (
				A77DAAF2233E490300EB109F /* InsightAdmin */,
				A759B7A4233E55E900FE40A6 /* InsightCore */,
				A759B7B6233E55F700FE40A6 /* InsightUI */,
			);
		};
/* End PBXProject section */

/* Begin PBXResourcesBuildPhase section */
		A759B7A3233E55E900FE40A6 /* Resources */ = {
			isa = PBXResourcesBuildPhase;
			buildActionMask = 2147483647;
			files = (
			);
			runOnlyForDeploymentPostprocessing = 0;
		};
		A759B7B5233E55F700FE40A6 /* Resources */ = {
			isa = PBXResourcesBuildPhase;
			buildActionMask = 2147483647;
			files = (
			);
			runOnlyForDeploymentPostprocessing = 0;
		};
		A77DAAF1233E490300EB109F /* Resources */ = {
			isa = PBXResourcesBuildPhase;
			buildActionMask = 2147483647;
			files = (
				A77DAB03233E490400EB109F /* LaunchScreen.storyboard in Resources */,
				A77DAB00233E490400EB109F /* Preview Assets.xcassets in Resources */,
				A77DAAFD233E490400EB109F /* Assets.xcassets in Resources */,
			);
			runOnlyForDeploymentPostprocessing = 0;
		};
/* End PBXResourcesBuildPhase section */

/* Begin PBXShellScriptBuildPhase section */
		0B1445491A6372816F2F82E7 /* [CP] Check Pods Manifest.lock */ = {
			isa = PBXShellScriptBuildPhase;
			buildActionMask = 2147483647;
			files = (
			);
			inputFileListPaths = (
			);
			inputPaths = (
				"${PODS_PODFILE_DIR_PATH}/Podfile.lock",
				"${PODS_ROOT}/Manifest.lock",
			);
			name = "[CP] Check Pods Manifest.lock";
			outputFileListPaths = (
			);
			outputPaths = (
				"$(DERIVED_FILE_DIR)/Pods-InsightCore-checkManifestLockResult.txt",
			);
			runOnlyForDeploymentPostprocessing = 0;
			shellPath = /bin/sh;
			shellScript = "diff \"${PODS_PODFILE_DIR_PATH}/Podfile.lock\" \"${PODS_ROOT}/Manifest.lock\" > /dev/null\nif [ $? != 0 ] ; then\n    # print error to STDERR\n    echo \"error: The sandbox is not in sync with the Podfile.lock. Run 'pod install' or update your CocoaPods installation.\" >&2\n    exit 1\nfi\n# This output is used by Xcode 'outputs' to avoid re-running this script phase.\necho \"SUCCESS\" > \"${SCRIPT_OUTPUT_FILE_0}\"\n";
			showEnvVarsInLog = 0;
		};
		93C0E99E12FDE9D9584EE119 /* [CP] Check Pods Manifest.lock */ = {
			isa = PBXShellScriptBuildPhase;
			buildActionMask = 2147483647;
			files = (
			);
			inputFileListPaths = (
			);
			inputPaths = (
				"${PODS_PODFILE_DIR_PATH}/Podfile.lock",
				"${PODS_ROOT}/Manifest.lock",
			);
			name = "[CP] Check Pods Manifest.lock";
			outputFileListPaths = (
			);
			outputPaths = (
				"$(DERIVED_FILE_DIR)/Pods-InsightAdmin-checkManifestLockResult.txt",
			);
			runOnlyForDeploymentPostprocessing = 0;
			shellPath = /bin/sh;
			shellScript = "diff \"${PODS_PODFILE_DIR_PATH}/Podfile.lock\" \"${PODS_ROOT}/Manifest.lock\" > /dev/null\nif [ $? != 0 ] ; then\n    # print error to STDERR\n    echo \"error: The sandbox is not in sync with the Podfile.lock. Run 'pod install' or update your CocoaPods installation.\" >&2\n    exit 1\nfi\n# This output is used by Xcode 'outputs' to avoid re-running this script phase.\necho \"SUCCESS\" > \"${SCRIPT_OUTPUT_FILE_0}\"\n";
			showEnvVarsInLog = 0;
		};
		96700A47DE12B1B3157E0302 /* [CP] Embed Pods Frameworks */ = {
			isa = PBXShellScriptBuildPhase;
			buildActionMask = 2147483647;
			files = (
			);
			inputFileListPaths = (
				"${PODS_ROOT}/Target Support Files/Pods-InsightAdmin/Pods-InsightAdmin-frameworks-${CONFIGURATION}-input-files.xcfilelist",
			);
			name = "[CP] Embed Pods Frameworks";
			outputFileListPaths = (
				"${PODS_ROOT}/Target Support Files/Pods-InsightAdmin/Pods-InsightAdmin-frameworks-${CONFIGURATION}-output-files.xcfilelist",
			);
			runOnlyForDeploymentPostprocessing = 0;
			shellPath = /bin/sh;
			shellScript = "\"${PODS_ROOT}/Target Support Files/Pods-InsightAdmin/Pods-InsightAdmin-frameworks.sh\"\n";
			showEnvVarsInLog = 0;
		};
		E753D6C07E8177D13B7F0EA7 /* [CP] Check Pods Manifest.lock */ = {
			isa = PBXShellScriptBuildPhase;
			buildActionMask = 2147483647;
			files = (
			);
			inputFileListPaths = (
			);
			inputPaths = (
				"${PODS_PODFILE_DIR_PATH}/Podfile.lock",
				"${PODS_ROOT}/Manifest.lock",
			);
			name = "[CP] Check Pods Manifest.lock";
			outputFileListPaths = (
			);
			outputPaths = (
				"$(DERIVED_FILE_DIR)/Pods-InsightUI-checkManifestLockResult.txt",
			);
			runOnlyForDeploymentPostprocessing = 0;
			shellPath = /bin/sh;
			shellScript = "diff \"${PODS_PODFILE_DIR_PATH}/Podfile.lock\" \"${PODS_ROOT}/Manifest.lock\" > /dev/null\nif [ $? != 0 ] ; then\n    # print error to STDERR\n    echo \"error: The sandbox is not in sync with the Podfile.lock. Run 'pod install' or update your CocoaPods installation.\" >&2\n    exit 1\nfi\n# This output is used by Xcode 'outputs' to avoid re-running this script phase.\necho \"SUCCESS\" > \"${SCRIPT_OUTPUT_FILE_0}\"\n";
			showEnvVarsInLog = 0;
		};
/* End PBXShellScriptBuildPhase section */

/* Begin PBXSourcesBuildPhase section */
		A759B7A1233E55E900FE40A6 /* Sources */ = {
			isa = PBXSourcesBuildPhase;
			buildActionMask = 2147483647;
			files = (
				A7ECB8F1233F7EAF0025ACE7 /* Log.swift in Sources */,
				A7ECB90D234074490025ACE7 /* FetchedObjectsViewModel.swift in Sources */,
				A7ECB8E7233F23B50025ACE7 /* Application.swift in Sources */,
			);
			runOnlyForDeploymentPostprocessing = 0;
		};
		A759B7B3233E55F700FE40A6 /* Sources */ = {
			isa = PBXSourcesBuildPhase;
			buildActionMask = 2147483647;
			files = (
				A7ECB9102340ED480025ACE7 /* ApplicationSummaryView.swift in Sources */,
				A759B7D2233E5A4B00FE40A6 /* ActivityIndicatorView.swift in Sources */,
				A7ECB8EA233F243C0025ACE7 /* MainView.swift in Sources */,
				A7ECB90A234072520025ACE7 /* ApplicationsList.swift in Sources */,
			);
			runOnlyForDeploymentPostprocessing = 0;
		};
		A77DAAEF233E490300EB109F /* Sources */ = {
			isa = PBXSourcesBuildPhase;
			buildActionMask = 2147483647;
			files = (
				A77DAAF7233E490300EB109F /* AppDelegate.swift in Sources */,
				A77DAAF9233E490300EB109F /* SceneDelegate.swift in Sources */,
				A759B7CF233E598200FE40A6 /* AppInitialization.swift in Sources */,
			);
			runOnlyForDeploymentPostprocessing = 0;
		};
/* End PBXSourcesBuildPhase section */

/* Begin PBXTargetDependency section */
		A759B7AB233E55E900FE40A6 /* PBXTargetDependency */ = {
			isa = PBXTargetDependency;
			target = A759B7A4233E55E900FE40A6 /* InsightCore */;
			targetProxy = A759B7AA233E55E900FE40A6 /* PBXContainerItemProxy */;
		};
		A759B7BD233E55F800FE40A6 /* PBXTargetDependency */ = {
			isa = PBXTargetDependency;
			target = A759B7B6233E55F700FE40A6 /* InsightUI */;
			targetProxy = A759B7BC233E55F800FE40A6 /* PBXContainerItemProxy */;
		};
		A759B7CA233E568F00FE40A6 /* PBXTargetDependency */ = {
			isa = PBXTargetDependency;
			target = A759B7A4233E55E900FE40A6 /* InsightCore */;
			targetProxy = A759B7C9233E568F00FE40A6 /* PBXContainerItemProxy */;
		};
/* End PBXTargetDependency section */

/* Begin PBXVariantGroup section */
		A77DAB01233E490400EB109F /* LaunchScreen.storyboard */ = {
			isa = PBXVariantGroup;
			children = (
				A77DAB02233E490400EB109F /* Base */,
			);
			name = LaunchScreen.storyboard;
			sourceTree = "<group>";
		};
/* End PBXVariantGroup section */

/* Begin XCBuildConfiguration section */
		A759B7AF233E55EA00FE40A6 /* Debug */ = {
			isa = XCBuildConfiguration;
			baseConfigurationReference = 49E76DABAF4C2F45D07CE68B /* Pods-InsightCore.debug.xcconfig */;
			buildSettings = {
				CLANG_ENABLE_MODULES = YES;
				CODE_SIGN_STYLE = Automatic;
				CURRENT_PROJECT_VERSION = 1;
				DEFINES_MODULE = YES;
				DERIVE_MACCATALYST_PRODUCT_BUNDLE_IDENTIFIER = NO;
				DEVELOPMENT_TEAM = 5T8DRBFCBP;
				DYLIB_COMPATIBILITY_VERSION = 1;
				DYLIB_CURRENT_VERSION = 1;
				DYLIB_INSTALL_NAME_BASE = "@rpath";
				INFOPLIST_FILE = "InsightCore/Supporting files/Info.plist";
				INSTALL_PATH = "$(LOCAL_LIBRARY_DIR)/Frameworks";
				LD_RUNPATH_SEARCH_PATHS = (
					"$(inherited)",
					"@executable_path/Frameworks",
					"@loader_path/Frameworks",
				);
				PRODUCT_BUNDLE_IDENTIFIER = com.coodly.core;
				PRODUCT_NAME = "$(TARGET_NAME:c99extidentifier)";
				SKIP_INSTALL = YES;
				SUPPORTS_MACCATALYST = NO;
				SWIFT_OPTIMIZATION_LEVEL = "-Onone";
				SWIFT_VERSION = 5.0;
				TARGETED_DEVICE_FAMILY = "1,2";
				VERSIONING_SYSTEM = "apple-generic";
				VERSION_INFO_PREFIX = "";
			};
			name = Debug;
		};
		A759B7B0233E55EA00FE40A6 /* Release */ = {
			isa = XCBuildConfiguration;
			baseConfigurationReference = BD043677AC070FF809CC6EB8 /* Pods-InsightCore.release.xcconfig */;
			buildSettings = {
				CLANG_ENABLE_MODULES = YES;
				CODE_SIGN_STYLE = Automatic;
				CURRENT_PROJECT_VERSION = 1;
				DEFINES_MODULE = YES;
				DERIVE_MACCATALYST_PRODUCT_BUNDLE_IDENTIFIER = NO;
				DEVELOPMENT_TEAM = 5T8DRBFCBP;
				DYLIB_COMPATIBILITY_VERSION = 1;
				DYLIB_CURRENT_VERSION = 1;
				DYLIB_INSTALL_NAME_BASE = "@rpath";
				INFOPLIST_FILE = "InsightCore/Supporting files/Info.plist";
				INSTALL_PATH = "$(LOCAL_LIBRARY_DIR)/Frameworks";
				LD_RUNPATH_SEARCH_PATHS = (
					"$(inherited)",
					"@executable_path/Frameworks",
					"@loader_path/Frameworks",
				);
				PRODUCT_BUNDLE_IDENTIFIER = com.coodly.core;
				PRODUCT_NAME = "$(TARGET_NAME:c99extidentifier)";
				SKIP_INSTALL = YES;
				SUPPORTS_MACCATALYST = NO;
				SWIFT_VERSION = 5.0;
				TARGETED_DEVICE_FAMILY = "1,2";
				VERSIONING_SYSTEM = "apple-generic";
				VERSION_INFO_PREFIX = "";
			};
			name = Release;
		};
		A759B7C1233E55F800FE40A6 /* Debug */ = {
			isa = XCBuildConfiguration;
			baseConfigurationReference = EDCB42CB51A41B4A6687BCBD /* Pods-InsightUI.debug.xcconfig */;
			buildSettings = {
				CLANG_ENABLE_MODULES = YES;
				CODE_SIGN_STYLE = Automatic;
				CURRENT_PROJECT_VERSION = 1;
				DEFINES_MODULE = YES;
				DEVELOPMENT_TEAM = 5T8DRBFCBP;
				DYLIB_COMPATIBILITY_VERSION = 1;
				DYLIB_CURRENT_VERSION = 1;
				DYLIB_INSTALL_NAME_BASE = "@rpath";
				INFOPLIST_FILE = "InsightUI/Supporting files/Info.plist";
				INSTALL_PATH = "$(LOCAL_LIBRARY_DIR)/Frameworks";
				LD_RUNPATH_SEARCH_PATHS = (
					"$(inherited)",
					"@executable_path/Frameworks",
					"@loader_path/Frameworks",
				);
				PRODUCT_BUNDLE_IDENTIFIER = com.coodly.ui;
				PRODUCT_NAME = "$(TARGET_NAME:c99extidentifier)";
				SKIP_INSTALL = YES;
				SWIFT_OPTIMIZATION_LEVEL = "-Onone";
				SWIFT_VERSION = 5.0;
				TARGETED_DEVICE_FAMILY = "1,2";
				VERSIONING_SYSTEM = "apple-generic";
				VERSION_INFO_PREFIX = "";
			};
			name = Debug;
		};
		A759B7C2233E55F800FE40A6 /* Release */ = {
			isa = XCBuildConfiguration;
			baseConfigurationReference = F512E93FA6DA575D17A92CDD /* Pods-InsightUI.release.xcconfig */;
			buildSettings = {
				CLANG_ENABLE_MODULES = YES;
				CODE_SIGN_STYLE = Automatic;
				CURRENT_PROJECT_VERSION = 1;
				DEFINES_MODULE = YES;
				DEVELOPMENT_TEAM = 5T8DRBFCBP;
				DYLIB_COMPATIBILITY_VERSION = 1;
				DYLIB_CURRENT_VERSION = 1;
				DYLIB_INSTALL_NAME_BASE = "@rpath";
				INFOPLIST_FILE = "InsightUI/Supporting files/Info.plist";
				INSTALL_PATH = "$(LOCAL_LIBRARY_DIR)/Frameworks";
				LD_RUNPATH_SEARCH_PATHS = (
					"$(inherited)",
					"@executable_path/Frameworks",
					"@loader_path/Frameworks",
				);
				PRODUCT_BUNDLE_IDENTIFIER = com.coodly.ui;
				PRODUCT_NAME = "$(TARGET_NAME:c99extidentifier)";
				SKIP_INSTALL = YES;
				SWIFT_VERSION = 5.0;
				TARGETED_DEVICE_FAMILY = "1,2";
				VERSIONING_SYSTEM = "apple-generic";
				VERSION_INFO_PREFIX = "";
			};
			name = Release;
		};
		A77DAB05233E490400EB109F /* Debug */ = {
			isa = XCBuildConfiguration;
			buildSettings = {
				ALWAYS_SEARCH_USER_PATHS = NO;
				CLANG_ANALYZER_NONNULL = YES;
				CLANG_ANALYZER_NUMBER_OBJECT_CONVERSION = YES_AGGRESSIVE;
				CLANG_CXX_LANGUAGE_STANDARD = "gnu++14";
				CLANG_CXX_LIBRARY = "libc++";
				CLANG_ENABLE_MODULES = YES;
				CLANG_ENABLE_OBJC_ARC = YES;
				CLANG_ENABLE_OBJC_WEAK = YES;
				CLANG_WARN_BLOCK_CAPTURE_AUTORELEASING = YES;
				CLANG_WARN_BOOL_CONVERSION = YES;
				CLANG_WARN_COMMA = YES;
				CLANG_WARN_CONSTANT_CONVERSION = YES;
				CLANG_WARN_DEPRECATED_OBJC_IMPLEMENTATIONS = YES;
				CLANG_WARN_DIRECT_OBJC_ISA_USAGE = YES_ERROR;
				CLANG_WARN_DOCUMENTATION_COMMENTS = YES;
				CLANG_WARN_EMPTY_BODY = YES;
				CLANG_WARN_ENUM_CONVERSION = YES;
				CLANG_WARN_INFINITE_RECURSION = YES;
				CLANG_WARN_INT_CONVERSION = YES;
				CLANG_WARN_NON_LITERAL_NULL_CONVERSION = YES;
				CLANG_WARN_OBJC_IMPLICIT_RETAIN_SELF = YES;
				CLANG_WARN_OBJC_LITERAL_CONVERSION = YES;
				CLANG_WARN_OBJC_ROOT_CLASS = YES_ERROR;
				CLANG_WARN_RANGE_LOOP_ANALYSIS = YES;
				CLANG_WARN_STRICT_PROTOTYPES = YES;
				CLANG_WARN_SUSPICIOUS_MOVE = YES;
				CLANG_WARN_UNGUARDED_AVAILABILITY = YES_AGGRESSIVE;
				CLANG_WARN_UNREACHABLE_CODE = YES;
				CLANG_WARN__DUPLICATE_METHOD_MATCH = YES;
				COPY_PHASE_STRIP = NO;
				DEBUG_INFORMATION_FORMAT = dwarf;
				ENABLE_STRICT_OBJC_MSGSEND = YES;
				ENABLE_TESTABILITY = YES;
				GCC_C_LANGUAGE_STANDARD = gnu11;
				GCC_DYNAMIC_NO_PIC = NO;
				GCC_NO_COMMON_BLOCKS = YES;
				GCC_OPTIMIZATION_LEVEL = 0;
				GCC_PREPROCESSOR_DEFINITIONS = (
					"DEBUG=1",
					"$(inherited)",
				);
				GCC_WARN_64_TO_32_BIT_CONVERSION = YES;
				GCC_WARN_ABOUT_RETURN_TYPE = YES_ERROR;
				GCC_WARN_UNDECLARED_SELECTOR = YES;
				GCC_WARN_UNINITIALIZED_AUTOS = YES_AGGRESSIVE;
				GCC_WARN_UNUSED_FUNCTION = YES;
				GCC_WARN_UNUSED_VARIABLE = YES;
				IPHONEOS_DEPLOYMENT_TARGET = 13.1;
				MTL_ENABLE_DEBUG_INFO = INCLUDE_SOURCE;
				MTL_FAST_MATH = YES;
				ONLY_ACTIVE_ARCH = YES;
				SDKROOT = iphoneos;
				SWIFT_ACTIVE_COMPILATION_CONDITIONS = DEBUG;
				SWIFT_OPTIMIZATION_LEVEL = "-Onone";
			};
			name = Debug;
		};
		A77DAB06233E490400EB109F /* Release */ = {
			isa = XCBuildConfiguration;
			buildSettings = {
				ALWAYS_SEARCH_USER_PATHS = NO;
				CLANG_ANALYZER_NONNULL = YES;
				CLANG_ANALYZER_NUMBER_OBJECT_CONVERSION = YES_AGGRESSIVE;
				CLANG_CXX_LANGUAGE_STANDARD = "gnu++14";
				CLANG_CXX_LIBRARY = "libc++";
				CLANG_ENABLE_MODULES = YES;
				CLANG_ENABLE_OBJC_ARC = YES;
				CLANG_ENABLE_OBJC_WEAK = YES;
				CLANG_WARN_BLOCK_CAPTURE_AUTORELEASING = YES;
				CLANG_WARN_BOOL_CONVERSION = YES;
				CLANG_WARN_COMMA = YES;
				CLANG_WARN_CONSTANT_CONVERSION = YES;
				CLANG_WARN_DEPRECATED_OBJC_IMPLEMENTATIONS = YES;
				CLANG_WARN_DIRECT_OBJC_ISA_USAGE = YES_ERROR;
				CLANG_WARN_DOCUMENTATION_COMMENTS = YES;
				CLANG_WARN_EMPTY_BODY = YES;
				CLANG_WARN_ENUM_CONVERSION = YES;
				CLANG_WARN_INFINITE_RECURSION = YES;
				CLANG_WARN_INT_CONVERSION = YES;
				CLANG_WARN_NON_LITERAL_NULL_CONVERSION = YES;
				CLANG_WARN_OBJC_IMPLICIT_RETAIN_SELF = YES;
				CLANG_WARN_OBJC_LITERAL_CONVERSION = YES;
				CLANG_WARN_OBJC_ROOT_CLASS = YES_ERROR;
				CLANG_WARN_RANGE_LOOP_ANALYSIS = YES;
				CLANG_WARN_STRICT_PROTOTYPES = YES;
				CLANG_WARN_SUSPICIOUS_MOVE = YES;
				CLANG_WARN_UNGUARDED_AVAILABILITY = YES_AGGRESSIVE;
				CLANG_WARN_UNREACHABLE_CODE = YES;
				CLANG_WARN__DUPLICATE_METHOD_MATCH = YES;
				COPY_PHASE_STRIP = NO;
				DEBUG_INFORMATION_FORMAT = "dwarf-with-dsym";
				ENABLE_NS_ASSERTIONS = NO;
				ENABLE_STRICT_OBJC_MSGSEND = YES;
				GCC_C_LANGUAGE_STANDARD = gnu11;
				GCC_NO_COMMON_BLOCKS = YES;
				GCC_WARN_64_TO_32_BIT_CONVERSION = YES;
				GCC_WARN_ABOUT_RETURN_TYPE = YES_ERROR;
				GCC_WARN_UNDECLARED_SELECTOR = YES;
				GCC_WARN_UNINITIALIZED_AUTOS = YES_AGGRESSIVE;
				GCC_WARN_UNUSED_FUNCTION = YES;
				GCC_WARN_UNUSED_VARIABLE = YES;
				IPHONEOS_DEPLOYMENT_TARGET = 13.1;
				MTL_ENABLE_DEBUG_INFO = NO;
				MTL_FAST_MATH = YES;
				SDKROOT = iphoneos;
				SWIFT_COMPILATION_MODE = wholemodule;
				SWIFT_OPTIMIZATION_LEVEL = "-O";
				VALIDATE_PRODUCT = YES;
			};
			name = Release;
		};
		A77DAB08233E490400EB109F /* Debug */ = {
			isa = XCBuildConfiguration;
			baseConfigurationReference = D420F83FDDA4374513C81987 /* Pods-InsightAdmin.debug.xcconfig */;
			buildSettings = {
				ALWAYS_EMBED_SWIFT_STANDARD_LIBRARIES = "$(inherited)";
				ASSETCATALOG_COMPILER_APPICON_NAME = AppIcon;
				CODE_SIGN_ENTITLEMENTS = InsightAdmin/InsightAdmin.entitlements;
				CODE_SIGN_STYLE = Automatic;
				DEVELOPMENT_ASSET_PATHS = "\"InsightAdmin/Preview Content\"";
				DEVELOPMENT_TEAM = 5T8DRBFCBP;
				ENABLE_PREVIEWS = YES;
				INFOPLIST_FILE = InsightAdmin/Info.plist;
				LD_RUNPATH_SEARCH_PATHS = (
					"$(inherited)",
					"@executable_path/Frameworks",
				);
				PRODUCT_BUNDLE_IDENTIFIER = com.coodly.insight;
				PRODUCT_NAME = "$(TARGET_NAME)";
				SWIFT_VERSION = 5.0;
				TARGETED_DEVICE_FAMILY = "1,2";
			};
			name = Debug;
		};
		A77DAB09233E490400EB109F /* Release */ = {
			isa = XCBuildConfiguration;
			baseConfigurationReference = D0CC618372948FE83515823F /* Pods-InsightAdmin.release.xcconfig */;
			buildSettings = {
				ALWAYS_EMBED_SWIFT_STANDARD_LIBRARIES = "$(inherited)";
				ASSETCATALOG_COMPILER_APPICON_NAME = AppIcon;
				CODE_SIGN_ENTITLEMENTS = InsightAdmin/InsightAdmin.entitlements;
				CODE_SIGN_STYLE = Automatic;
				DEVELOPMENT_ASSET_PATHS = "\"InsightAdmin/Preview Content\"";
				DEVELOPMENT_TEAM = 5T8DRBFCBP;
				ENABLE_PREVIEWS = YES;
				INFOPLIST_FILE = InsightAdmin/Info.plist;
				LD_RUNPATH_SEARCH_PATHS = (
					"$(inherited)",
					"@executable_path/Frameworks",
				);
				PRODUCT_BUNDLE_IDENTIFIER = com.coodly.insight;
				PRODUCT_NAME = "$(TARGET_NAME)";
				SWIFT_VERSION = 5.0;
				TARGETED_DEVICE_FAMILY = "1,2";
			};
			name = Release;
		};
/* End XCBuildConfiguration section */

/* Begin XCConfigurationList section */
		A759B7B1233E55EA00FE40A6 /* Build configuration list for PBXNativeTarget "InsightCore" */ = {
			isa = XCConfigurationList;
			buildConfigurations = (
				A759B7AF233E55EA00FE40A6 /* Debug */,
				A759B7B0233E55EA00FE40A6 /* Release */,
			);
			defaultConfigurationIsVisible = 0;
			defaultConfigurationName = Release;
		};
		A759B7C0233E55F800FE40A6 /* Build configuration list for PBXNativeTarget "InsightUI" */ = {
			isa = XCConfigurationList;
			buildConfigurations = (
				A759B7C1233E55F800FE40A6 /* Debug */,
				A759B7C2233E55F800FE40A6 /* Release */,
			);
			defaultConfigurationIsVisible = 0;
			defaultConfigurationName = Release;
		};
		A77DAAEE233E490300EB109F /* Build configuration list for PBXProject "InsightAdmin" */ = {
			isa = XCConfigurationList;
			buildConfigurations = (
				A77DAB05233E490400EB109F /* Debug */,
				A77DAB06233E490400EB109F /* Release */,
			);
			defaultConfigurationIsVisible = 0;
			defaultConfigurationName = Release;
		};
		A77DAB07233E490400EB109F /* Build configuration list for PBXNativeTarget "InsightAdmin" */ = {
			isa = XCConfigurationList;
			buildConfigurations = (
				A77DAB08233E490400EB109F /* Debug */,
				A77DAB09233E490400EB109F /* Release */,
			);
			defaultConfigurationIsVisible = 0;
			defaultConfigurationName = Release;
		};
/* End XCConfigurationList section */

/* Begin XCRemoteSwiftPackageReference section */
		A7ECB8EC233F7E960025ACE7 /* XCRemoteSwiftPackageReference "swlogger" */ = {
			isa = XCRemoteSwiftPackageReference;
			repositoryURL = "https://github.com/coodly/swlogger.git";
			requirement = {
				branch = master;
				kind = branch;
			};
		};
/* End XCRemoteSwiftPackageReference section */

/* Begin XCSwiftPackageProductDependency section */
		A7ECB8ED233F7E960025ACE7 /* SWLogger */ = {
			isa = XCSwiftPackageProductDependency;
			package = A7ECB8EC233F7E960025ACE7 /* XCRemoteSwiftPackageReference "swlogger" */;
			productName = SWLogger;
		};
/* End XCSwiftPackageProductDependency section */
	};
	rootObject = A77DAAEB233E490300EB109F /* Project object */;
}
