PODS:
  - CloudInsight/Core (0.1.2):
    - CoreDataPersistence (= 0.2.1)
    - KeychainAccess (= 3.2.0)
    - Puff/Core (= 0.5.6)
    - Puff/CoreData (= 0.5.6)
  - CloudInsight/Reporting (0.1.2):
    - CloudInsight/Core
  - CoreDataPersistence (0.2.1)
  - KeychainAccess (3.2.0)
  - Puff/Core (0.5.6):
    - Puff/Logger
    - Puff/Serialization
  - Puff/CoreData (0.5.6)
  - Puff/Logger (0.5.6)
  - Puff/Serialization (0.5.6):
    - Puff/Logger

DEPENDENCIES:
  - CloudInsight/Reporting (from `../`)

SPEC REPOS:
  https://github.com/CocoaPods/Specs.git:
    - KeychainAccess
  https://github.com/coodly/Specs.git:
    - CoreDataPersistence
    - Puff

EXTERNAL SOURCES:
  CloudInsight:
    :path: "../"

SPEC CHECKSUMS:
  CloudInsight: 283384c346caa7bdf4fdef3650e49e9e88871b66
  CoreDataPersistence: ea9d57c4650ae4c3a66b4020e36f61f3026b36e4
  KeychainAccess: 3b1bf8a77eb4c6ea1ce9404c292e48f948954c6b
  Puff: f796a20bebacea50c5c51a3c4e75e7171fb1395d

PODFILE CHECKSUM: 0bf389fa862e82b20d197190b95ed5d07b0d8c78

COCOAPODS: 1.8.0
